
Microsoft Visual Studio Solution File, Format Version 12.00
# Visual Studio Version 16
VisualStudioVersion = 16.0.31829.152
MinimumVisualStudioVersion = 10.0.40219.1
Project("{FAE04EC0-301F-11D3-BF4B-00C04F79EFBC}") = "UC5_RetriveProductId", "UC5_RetriveProductId\UC5_RetriveProductId.csproj", "{CB024732-0752-4D1B-A780-F0BF56D3F5CF}"
EndProject
Global
	GlobalSection(SolutionConfigurationPlatforms) = preSolution
		Debug|Any CPU = Debug|Any CPU
		Release|Any CPU = Release|Any CPU
	EndGlobalSection
	GlobalSection(ProjectConfigurationPlatforms) = postSolution
		{CB024732-0752-4D1B-A780-F0BF56D3F5CF}.Debug|Any CPU.ActiveCfg = Debug|Any CPU
		{CB024732-0752-4D1B-A780-F0BF56D3F5CF}.Debug|Any CPU.Build.0 = Debug|Any CPU
		{CB024732-0752-4D1B-A780-F0BF56D3F5CF}.Release|Any CPU.ActiveCfg = Release|Any CPU
		{CB024732-0752-4D1B-A780-F0BF56D3F5CF}.Release|Any CPU.Build.0 = Release|Any CPU
	EndGlobalSection
	GlobalSection(SolutionProperties) = preSolution
		HideSolutionNode = FALSE
	EndGlobalSection
	GlobalSection(ExtensibilityGlobals) = postSolution
		SolutionGuid = {FACE6AD4-C4EC-4211-9414-EF48E4228B26}
	EndGlobalSection
EndGlobal
