
Microsoft Visual Studio Solution File, Format Version 12.00
# Visual Studio Version 16
VisualStudioVersion = 16.0.31829.152
MinimumVisualStudioVersion = 10.0.40219.1
Project("{FAE04EC0-301F-11D3-BF4B-00C04F79EFBC}") = "Uc7_RetriveOnlyProductId", "Uc7_RetriveOnlyProductId\Uc7_RetriveOnlyProductId.csproj", "{20AE53F5-FD07-4D60-9353-CFB5921ADDA5}"
EndProject
Global
	GlobalSection(SolutionConfigurationPlatforms) = preSolution
		Debug|Any CPU = Debug|Any CPU
		Release|Any CPU = Release|Any CPU
	EndGlobalSection
	GlobalSection(ProjectConfigurationPlatforms) = postSolution
		{20AE53F5-FD07-4D60-9353-CFB5921ADDA5}.Debug|Any CPU.ActiveCfg = Debug|Any CPU
		{20AE53F5-FD07-4D60-9353-CFB5921ADDA5}.Debug|Any CPU.Build.0 = Debug|Any CPU
		{20AE53F5-FD07-4D60-9353-CFB5921ADDA5}.Release|Any CPU.ActiveCfg = Release|Any CPU
		{20AE53F5-FD07-4D60-9353-CFB5921ADDA5}.Release|Any CPU.Build.0 = Release|Any CPU
	EndGlobalSection
	GlobalSection(SolutionProperties) = preSolution
		HideSolutionNode = FALSE
	EndGlobalSection
	GlobalSection(ExtensibilityGlobals) = postSolution
		SolutionGuid = {7D5E21C2-0B05-47B4-B4F5-010B0539F1C6}
	EndGlobalSection
EndGlobal
