
Microsoft Visual Studio Solution File, Format Version 12.00
# Visual Studio Version 16
VisualStudioVersion = 16.0.31829.152
MinimumVisualStudioVersion = 10.0.40219.1
Project("{FAE04EC0-301F-11D3-BF4B-00C04F79EFBC}") = "UC9RetrivrTableDataInProductReview", "UC9RetrivrTableDataInProductReview\UC9RetrivrTableDataInProductReview.csproj", "{6670CFBD-ED76-4487-BA05-D3CD83D8267C}"
EndProject
Global
	GlobalSection(SolutionConfigurationPlatforms) = preSolution
		Debug|Any CPU = Debug|Any CPU
		Release|Any CPU = Release|Any CPU
	EndGlobalSection
	GlobalSection(ProjectConfigurationPlatforms) = postSolution
		{6670CFBD-ED76-4487-BA05-D3CD83D8267C}.Debug|Any CPU.ActiveCfg = Debug|Any CPU
		{6670CFBD-ED76-4487-BA05-D3CD83D8267C}.Debug|Any CPU.Build.0 = Debug|Any CPU
		{6670CFBD-ED76-4487-BA05-D3CD83D8267C}.Release|Any CPU.ActiveCfg = Release|Any CPU
		{6670CFBD-ED76-4487-BA05-D3CD83D8267C}.Release|Any CPU.Build.0 = Release|Any CPU
	EndGlobalSection
	GlobalSection(SolutionProperties) = preSolution
		HideSolutionNode = FALSE
	EndGlobalSection
	GlobalSection(ExtensibilityGlobals) = postSolution
		SolutionGuid = {95EF6DEA-3A48-47F4-BB26-EF49D856AAF6}
	EndGlobalSection
EndGlobal
